{
  "version": 4,
  "terraform_version": "0.12.5",
  "serial": 2924,
  "lineage": "acb5e347-fae7-90fd-4964-7a2466356e5e",
  "outputs": {
    "alb_dns_name": {
      "value": "ck-ab-1483077639.ap-northeast-1.elb.amazonaws.com",
      "type": "string"
    },
    "domain_name": {
      "value": "chealseasuke.com",
      "type": "string"
    }
  },
  "resources": [
    {
      "mode": "data",
      "type": "aws_iam_policy",
      "name": "ecs_task_execution_role_policy",
      "provider": "provider.aws",
      "instances": [
        {
          "schema_version": 0,
          "attributes": {
            "arn": "arn:aws:iam::aws:policy/service-role/AmazonECSTaskExecutionRolePolicy",
            "description": "Provides access to other AWS service resources that are required to run Amazon ECS tasks",
            "id": "arn:aws:iam::aws:policy/service-role/AmazonECSTaskExecutionRolePolicy",
            "name": "AmazonECSTaskExecutionRolePolicy",
            "path": "/service-role/",
            "policy": "{\n  \"Version\": \"2012-10-17\",\n  \"Statement\": [\n    {\n      \"Effect\": \"Allow\",\n      \"Action\": [\n        \"ecr:GetAuthorizationToken\",\n        \"ecr:BatchCheckLayerAvailability\",\n        \"ecr:GetDownloadUrlForLayer\",\n        \"ecr:BatchGetImage\",\n        \"logs:CreateLogStream\",\n        \"logs:PutLogEvents\"\n      ],\n      \"Resource\": \"*\"\n    }\n  ]\n}"
          }
        }
      ]
    },
    {
      "mode": "data",
      "type": "aws_iam_policy_document",
      "name": "alb_log",
      "provider": "provider.aws",
      "instances": [
        {
          "schema_version": 0,
          "attributes": {
            "id": "984271418",
            "json": "{\n  \"Version\": \"2012-10-17\",\n  \"Statement\": [\n    {\n      \"Sid\": \"\",\n      \"Effect\": \"Allow\",\n      \"Action\": \"s3:PutObject\",\n      \"Resource\": \"arn:aws:s3:::chealsea-ck-clb/*\",\n      \"Principal\": {\n        \"AWS\": \"582318560864\"\n      }\n    }\n  ]\n}",
            "override_json": null,
            "policy_id": null,
            "source_json": null,
            "statement": [
              {
                "actions": [
                  "s3:PutObject"
                ],
                "condition": [],
                "effect": "Allow",
                "not_actions": [],
                "not_principals": [],
                "not_resources": [],
                "principals": [
                  {
                    "identifiers": [
                      "582318560864"
                    ],
                    "type": "AWS"
                  }
                ],
                "resources": [
                  "arn:aws:s3:::chealsea-ck-clb/*"
                ],
                "sid": ""
              }
            ],
            "version": "2012-10-17"
          },
          "depends_on": [
            "aws_s3_bucket.alb_log"
          ]
        }
      ]
    },
    {
      "module": "module.ecs_task_execution_role",
      "mode": "data",
      "type": "aws_iam_policy_document",
      "name": "assume_role",
      "provider": "provider.aws",
      "instances": [
        {
          "schema_version": 0,
          "attributes": {
            "id": "320642683",
            "json": "{\n  \"Version\": \"2012-10-17\",\n  \"Statement\": [\n    {\n      \"Sid\": \"\",\n      \"Effect\": \"Allow\",\n      \"Action\": \"sts:AssumeRole\",\n      \"Principal\": {\n        \"Service\": \"ecs-tasks.amazonaws.com\"\n      }\n    }\n  ]\n}",
            "override_json": null,
            "policy_id": null,
            "source_json": null,
            "statement": [
              {
                "actions": [
                  "sts:AssumeRole"
                ],
                "condition": [],
                "effect": "Allow",
                "not_actions": [],
                "not_principals": [],
                "not_resources": [],
                "principals": [
                  {
                    "identifiers": [
                      "ecs-tasks.amazonaws.com"
                    ],
                    "type": "Service"
                  }
                ],
                "resources": [],
                "sid": ""
              }
            ],
            "version": "2012-10-17"
          }
        }
      ]
    },
    {
      "mode": "data",
      "type": "aws_iam_policy_document",
      "name": "ecs_task_execution",
      "provider": "provider.aws",
      "instances": [
        {
          "schema_version": 0,
          "attributes": {
            "id": "741314529",
            "json": "{\n  \"Version\": \"2012-10-17\",\n  \"Statement\": [\n    {\n      \"Sid\": \"\",\n      \"Effect\": \"Allow\",\n      \"Action\": [\n        \"ecr:GetAuthorizationToken\",\n        \"ecr:BatchCheckLayerAvailability\",\n        \"ecr:GetDownloadUrlForLayer\",\n        \"ecr:BatchGetImage\",\n        \"logs:CreateLogStream\",\n        \"logs:PutLogEvents\"\n      ],\n      \"Resource\": \"*\"\n    },\n    {\n      \"Sid\": \"\",\n      \"Effect\": \"Allow\",\n      \"Action\": [\n        \"ssm:GetParameters\",\n        \"kms:Decrypt\"\n      ],\n      \"Resource\": \"*\"\n    }\n  ]\n}",
            "override_json": null,
            "policy_id": null,
            "source_json": "{\n  \"Version\": \"2012-10-17\",\n  \"Statement\": [\n    {\n      \"Effect\": \"Allow\",\n      \"Action\": [\n        \"ecr:GetAuthorizationToken\",\n        \"ecr:BatchCheckLayerAvailability\",\n        \"ecr:GetDownloadUrlForLayer\",\n        \"ecr:BatchGetImage\",\n        \"logs:CreateLogStream\",\n        \"logs:PutLogEvents\"\n      ],\n      \"Resource\": \"*\"\n    }\n  ]\n}",
            "statement": [
              {
                "actions": [
                  "kms:Decrypt",
                  "ssm:GetParameters"
                ],
                "condition": [],
                "effect": "Allow",
                "not_actions": [],
                "not_principals": [],
                "not_resources": [],
                "principals": [],
                "resources": [
                  "*"
                ],
                "sid": ""
              }
            ],
            "version": "2012-10-17"
          },
          "depends_on": [
            "data.aws_iam_policy.ecs_task_execution_role_policy"
          ]
        }
      ]
    },
    {
      "mode": "data",
      "type": "aws_route53_zone",
      "name": "chealseasuke",
      "provider": "provider.aws",
      "instances": [
        {
          "schema_version": 0,
          "attributes": {
            "caller_reference": "RISWorkflow-RD:8f0335b5-a1be-4f08-9b84-9d4f87b3aaa5",
            "comment": "HostedZone created by Route53 Registrar",
            "id": "Z028940022REKX8I23H6Z",
            "linked_service_description": null,
            "linked_service_principal": null,
            "name": "chealseasuke.com.",
            "name_servers": [
              "ns-794.awsdns-35.net",
              "ns-482.awsdns-60.com",
              "ns-1315.awsdns-36.org",
              "ns-2038.awsdns-62.co.uk"
            ],
            "private_zone": false,
            "resource_record_set_count": 2,
            "tags": {},
            "vpc_id": null,
            "zone_id": "Z028940022REKX8I23H6Z"
          }
        }
      ]
    },
    {
      "mode": "data",
      "type": "template_file",
      "name": "db_create_container",
      "provider": "provider.template",
      "instances": [
        {
          "schema_version": 0,
          "attributes": {
            "filename": null,
            "id": "7dbe9e677566d21fc069f0d0e4ded3a422f807e3e133938cbe46357c300f198c",
            "rendered": "[\n    {\n        \"name\": \"app\",\n        \"image\": \"807363467264.dkr.ecr.ap-northeast-1.amazonaws.com/ck-ecr-rails\",\n        \"cpu\": 200,\n        \"memory\": null,\n        \"memoryReservation\": 512,\n        \"essential\": true,\n        \"command\": [\n            \"bundle\",\n            \"exec\",\n            \"rails\",\n            \"db:create\"\n        ],\n        \"logConfiguration\": {\n            \"logDriver\": \"awslogs\",\n            \"options\": {\n                \"awslogs-group\": \"/ecs/chellskitchen-logs\",\n                \"awslogs-region\": \"ap-northeast-1\",\n                \"awslogs-stream-prefix\": \"db-create\"\n            }\n        },\n        \"environment\": [\n            {\n                \"name\": \"RAILS_ENV\",\n                \"value\": \"production\"\n            },\n            {\n                \"name\": \"DB_HOST\",\n                \"value\": \"ck-rds.cgykkbi9dwwv.ap-northeast-1.rds.amazonaws.com\"\n            },\n            {\n                \"name\": \"DB_USERNAME\",\n                \"value\": \"root\"\n            },\n            {\n                \"name\": \"DB_PASSWORD\",\n                \"value\": \"freaddyroom102\"\n            },\n            {\n                \"name\": \"DB_DATABASE\",\n                \"value\": \"chells-kitchen\"\n            },\n            {\n                \"name\": \"RAILS_MASTER_KEY\",\n                \"value\": \"eda5852063fa921f772fdb89db1f5f5e\"\n            }\n        ]\n    }\n]",
            "template": "[\n    {\n        \"name\": \"app\",\n        \"image\": \"807363467264.dkr.ecr.ap-northeast-1.amazonaws.com/ck-ecr-rails\",\n        \"cpu\": 200,\n        \"memory\": null,\n        \"memoryReservation\": 512,\n        \"essential\": true,\n        \"command\": [\n            \"bundle\",\n            \"exec\",\n            \"rails\",\n            \"db:create\"\n        ],\n        \"logConfiguration\": {\n            \"logDriver\": \"awslogs\",\n            \"options\": {\n                \"awslogs-group\": \"/ecs/chellskitchen-logs\",\n                \"awslogs-region\": \"ap-northeast-1\",\n                \"awslogs-stream-prefix\": \"db-create\"\n            }\n        },\n        \"environment\": [\n            {\n                \"name\": \"RAILS_ENV\",\n                \"value\": \"production\"\n            },\n            {\n                \"name\": \"DB_HOST\",\n                \"value\": \"${db_host}\"\n            },\n            {\n                \"name\": \"DB_USERNAME\",\n                \"value\": \"${db_username}\"\n            },\n            {\n                \"name\": \"DB_PASSWORD\",\n                \"value\": \"${db_password}\"\n            },\n            {\n                \"name\": \"DB_DATABASE\",\n                \"value\": \"${db_database}\"\n            },\n            {\n                \"name\": \"RAILS_MASTER_KEY\",\n                \"value\": \"${rails_master_key}\"\n            }\n        ]\n    }\n]",
            "vars": {
              "db_database": "chells-kitchen",
              "db_host": "ck-rds.cgykkbi9dwwv.ap-northeast-1.rds.amazonaws.com",
              "db_password": "freaddyroom102",
              "db_username": "root",
              "rails_master_key": "eda5852063fa921f772fdb89db1f5f5e"
            }
          }
        }
      ]
    },
    {
      "mode": "data",
      "type": "template_file",
      "name": "db_migrate_container",
      "provider": "provider.template",
      "instances": [
        {
          "schema_version": 0,
          "attributes": {
            "filename": null,
            "id": "bf17b1e15e111eb20c9ad21ba43ba7b8099f199b30439681631324069294e06a",
            "rendered": "[\n    {\n        \"name\": \"app\",\n        \"image\": \"807363467264.dkr.ecr.ap-northeast-1.amazonaws.com/ck-ecr-rails\",\n        \"cpu\": 200,\n        \"memory\": null,\n        \"memoryReservation\": 512,\n        \"essential\": true,\n        \"command\": [\n            \"bundle\",\n            \"exec\",\n            \"rails\",\n            \"db:migrate\"\n        ],\n        \"logConfiguration\": {\n            \"logDriver\": \"awslogs\",\n            \"options\": {\n                \"awslogs-group\": \"/ecs/chellskitchen-logs\",\n                \"awslogs-region\": \"ap-northeast-1\",\n                \"awslogs-stream-prefix\": \"db-create\"\n            }\n        },\n        \"environment\": [\n            {\n                \"name\": \"RAILS_ENV\",\n                \"value\": \"production\"\n            },\n            {\n                \"name\": \"DB_HOST\",\n                \"value\": \"ck-rds.cgykkbi9dwwv.ap-northeast-1.rds.amazonaws.com\"\n            },\n            {\n                \"name\": \"DB_USERNAME\",\n                \"value\": \"root\"\n            },\n            {\n                \"name\": \"DB_PASSWORD\",\n                \"value\": \"freaddyroom102\"\n            },\n            {\n                \"name\": \"DB_DATABASE\",\n                \"value\": \"chells-kitchen\"\n            },\n            {\n                \"name\": \"RAILS_MASTER_KEY\",\n                \"value\": \"eda5852063fa921f772fdb89db1f5f5e\"\n            }\n        ]\n    }\n]",
            "template": "[\n    {\n        \"name\": \"app\",\n        \"image\": \"807363467264.dkr.ecr.ap-northeast-1.amazonaws.com/ck-ecr-rails\",\n        \"cpu\": 200,\n        \"memory\": null,\n        \"memoryReservation\": 512,\n        \"essential\": true,\n        \"command\": [\n            \"bundle\",\n            \"exec\",\n            \"rails\",\n            \"db:migrate\"\n        ],\n        \"logConfiguration\": {\n            \"logDriver\": \"awslogs\",\n            \"options\": {\n                \"awslogs-group\": \"/ecs/chellskitchen-logs\",\n                \"awslogs-region\": \"ap-northeast-1\",\n                \"awslogs-stream-prefix\": \"db-create\"\n            }\n        },\n        \"environment\": [\n            {\n                \"name\": \"RAILS_ENV\",\n                \"value\": \"production\"\n            },\n            {\n                \"name\": \"DB_HOST\",\n                \"value\": \"${db_host}\"\n            },\n            {\n                \"name\": \"DB_USERNAME\",\n                \"value\": \"${db_username}\"\n            },\n            {\n                \"name\": \"DB_PASSWORD\",\n                \"value\": \"${db_password}\"\n            },\n            {\n                \"name\": \"DB_DATABASE\",\n                \"value\": \"${db_database}\"\n            },\n            {\n                \"name\": \"RAILS_MASTER_KEY\",\n                \"value\": \"${rails_master_key}\"\n            }\n        ]\n    }\n]",
            "vars": {
              "db_database": "chells-kitchen",
              "db_host": "ck-rds.cgykkbi9dwwv.ap-northeast-1.rds.amazonaws.com",
              "db_password": "freaddyroom102",
              "db_username": "root",
              "rails_master_key": "eda5852063fa921f772fdb89db1f5f5e"
            }
          }
        }
      ]
    },
    {
      "mode": "data",
      "type": "template_file",
      "name": "db_seed_container",
      "provider": "provider.template",
      "instances": [
        {
          "schema_version": 0,
          "attributes": {
            "filename": null,
            "id": "3ae24bbfdcfe6b9dc0d97e75099289d65cffc749b26b339c1070d3a7bce21db9",
            "rendered": "[\n    {\n        \"name\": \"app\",\n        \"image\": \"807363467264.dkr.ecr.ap-northeast-1.amazonaws.com/ck-ecr-rails\",\n        \"cpu\": 200,\n        \"memory\": null,\n        \"memoryReservation\": 512,\n        \"essential\": true,\n        \"command\": [\n            \"bundle\",\n            \"exec\",\n            \"rails\",\n            \"db:seed\"\n        ],\n        \"logConfiguration\": {\n            \"logDriver\": \"awslogs\",\n            \"options\": {\n                \"awslogs-group\": \"/ecs/chellskitchen-logs\",\n                \"awslogs-region\": \"ap-northeast-1\",\n                \"awslogs-stream-prefix\": \"db-create\"\n            }\n        },\n        \"environment\": [\n            {\n                \"name\": \"RAILS_ENV\",\n                \"value\": \"production\"\n            },\n            {\n                \"name\": \"DB_HOST\",\n                \"value\": \"ck-rds.cgykkbi9dwwv.ap-northeast-1.rds.amazonaws.com\"\n            },\n            {\n                \"name\": \"DB_USERNAME\",\n                \"value\": \"root\"\n            },\n            {\n                \"name\": \"DB_PASSWORD\",\n                \"value\": \"freaddyroom102\"\n            },\n            {\n                \"name\": \"DB_DATABASE\",\n                \"value\": \"chells-kitchen\"\n            },\n            {\n                \"name\": \"RAILS_MASTER_KEY\",\n                \"value\": \"eda5852063fa921f772fdb89db1f5f5e\"\n            }\n        ]\n    }\n]",
            "template": "[\n    {\n        \"name\": \"app\",\n        \"image\": \"807363467264.dkr.ecr.ap-northeast-1.amazonaws.com/ck-ecr-rails\",\n        \"cpu\": 200,\n        \"memory\": null,\n        \"memoryReservation\": 512,\n        \"essential\": true,\n        \"command\": [\n            \"bundle\",\n            \"exec\",\n            \"rails\",\n            \"db:seed\"\n        ],\n        \"logConfiguration\": {\n            \"logDriver\": \"awslogs\",\n            \"options\": {\n                \"awslogs-group\": \"/ecs/chellskitchen-logs\",\n                \"awslogs-region\": \"ap-northeast-1\",\n                \"awslogs-stream-prefix\": \"db-create\"\n            }\n        },\n        \"environment\": [\n            {\n                \"name\": \"RAILS_ENV\",\n                \"value\": \"production\"\n            },\n            {\n                \"name\": \"DB_HOST\",\n                \"value\": \"${db_host}\"\n            },\n            {\n                \"name\": \"DB_USERNAME\",\n                \"value\": \"${db_username}\"\n            },\n            {\n                \"name\": \"DB_PASSWORD\",\n                \"value\": \"${db_password}\"\n            },\n            {\n                \"name\": \"DB_DATABASE\",\n                \"value\": \"${db_database}\"\n            },\n            {\n                \"name\": \"RAILS_MASTER_KEY\",\n                \"value\": \"${rails_master_key}\"\n            }\n        ]\n    }\n]",
            "vars": {
              "db_database": "chells-kitchen",
              "db_host": "ck-rds.cgykkbi9dwwv.ap-northeast-1.rds.amazonaws.com",
              "db_password": "freaddyroom102",
              "db_username": "root",
              "rails_master_key": "eda5852063fa921f772fdb89db1f5f5e"
            }
          }
        }
      ]
    },
    {
      "mode": "data",
      "type": "template_file",
      "name": "rails_nginx_container",
      "provider": "provider.template",
      "instances": [
        {
          "schema_version": 0,
          "attributes": {
            "filename": null,
            "id": "b5e7fbfc37e8f27b4763d97af7176e073d0077df24dd461da155ac7996a0fb86",
            "rendered": "[\n    {\n        \"name\": \"nginx\",\n        \"image\": \"807363467264.dkr.ecr.ap-northeast-1.amazonaws.com/ck-ecr-nginx\",\n        \"essential\": true,\n        \"logConfiguration\": {\n            \"logDriver\": \"awslogs\",\n            \"options\": {\n                \"awslogs-region\": \"ap-northeast-1\",\n                \"awslogs-stream-prefix\": \"nginx\",\n                \"awslogs-group\": \"/ecs/chellskitchen-logs\"\n            }\n        },\n        \"portMappings\": [\n            {\n                \"protocol\": \"tcp\",\n                \"containerPort\": 80\n            }\n        ],\n        \"mountPoints\": [\n            {\n                \"sourceVolume\": \"sockets-database\",\n                \"containerPath\": \"/chells-kitchen/tmp/sockets\"\n            }\n        ],\n        \"command\": [\n            \"/usr/sbin/nginx\",\n            \"-g\",\n            \"daemon off;\",\n            \"-c\",\n            \"/etc/nginx/nginx.conf\"\n        ]\n    },\n    {\n        \"name\": \"rails\",\n        \"image\": \"807363467264.dkr.ecr.ap-northeast-1.amazonaws.com/ck-ecr-rails\",\n        \"essential\": true,\n        \"logConfiguration\": {\n            \"logDriver\": \"awslogs\",\n            \"options\": {\n                \"awslogs-region\": \"ap-northeast-1\",\n                \"awslogs-stream-prefix\": \"rails\",\n                \"awslogs-group\": \"/ecs/chellskitchen-logs\"\n            }\n        },\n        \"portMappings\": [\n            {\n                \"protcol\": \"tcp\",\n                \"containerPort\": 3000\n            }\n        ],\n        \"mountPoints\": [\n            {\n                \"sourceVolume\": \"sockets-database\",\n                \"containerPath\": \"/chells-kitchen/tmp/sockets\"\n            }\n        ],\n        \"command\": [\n            \"bundle\",\n            \"exec\",\n            \"puma\",\n            \"-C\",\n            \"config/puma.rb\"\n        ],\n        \"environment\": [\n            {\n                \"name\": \"RAILS_ENV\",\n                \"value\": \"production\"\n            },\n            {\n                \"name\": \"DB_HOST\",\n                \"value\": \"ck-rds.cgykkbi9dwwv.ap-northeast-1.rds.amazonaws.com\"\n            },\n            {\n                \"name\": \"DB_USERNAME\",\n                \"value\": \"root\"\n            },\n            {\n                \"name\": \"DB_PASSWORD\",\n                \"value\": \"freaddyroom102\"\n            },\n            {\n                \"name\": \"DB_DATABASE\",\n                \"value\": \"chells-kitchen\"\n            },\n            {\n                \"name\": \"RAILS_MASTER_KEY\",\n                \"value\": \"eda5852063fa921f772fdb89db1f5f5e\"\n            },\n\t\t\t{\n\t\t\t\t\"name\": \"SECRET_KEY_BASE\",\n\t\t\t\t\"value\": \"aruhiorehakigatuita.aruhiorehakigatuita\"\n\t\t\t}\n        ]\n    }\n]\n",
            "template": "[\n    {\n        \"name\": \"nginx\",\n        \"image\": \"807363467264.dkr.ecr.ap-northeast-1.amazonaws.com/ck-ecr-nginx\",\n        \"essential\": true,\n        \"logConfiguration\": {\n            \"logDriver\": \"awslogs\",\n            \"options\": {\n                \"awslogs-region\": \"ap-northeast-1\",\n                \"awslogs-stream-prefix\": \"nginx\",\n                \"awslogs-group\": \"/ecs/chellskitchen-logs\"\n            }\n        },\n        \"portMappings\": [\n            {\n                \"protocol\": \"tcp\",\n                \"containerPort\": 80\n            }\n        ],\n        \"mountPoints\": [\n            {\n                \"sourceVolume\": \"sockets-database\",\n                \"containerPath\": \"/chells-kitchen/tmp/sockets\"\n            }\n        ],\n        \"command\": [\n            \"/usr/sbin/nginx\",\n            \"-g\",\n            \"daemon off;\",\n            \"-c\",\n            \"/etc/nginx/nginx.conf\"\n        ]\n    },\n    {\n        \"name\": \"rails\",\n        \"image\": \"807363467264.dkr.ecr.ap-northeast-1.amazonaws.com/ck-ecr-rails\",\n        \"essential\": true,\n        \"logConfiguration\": {\n            \"logDriver\": \"awslogs\",\n            \"options\": {\n                \"awslogs-region\": \"ap-northeast-1\",\n                \"awslogs-stream-prefix\": \"rails\",\n                \"awslogs-group\": \"/ecs/chellskitchen-logs\"\n            }\n        },\n        \"portMappings\": [\n            {\n                \"protcol\": \"tcp\",\n                \"containerPort\": 3000\n            }\n        ],\n        \"mountPoints\": [\n            {\n                \"sourceVolume\": \"sockets-database\",\n                \"containerPath\": \"/chells-kitchen/tmp/sockets\"\n            }\n        ],\n        \"command\": [\n            \"bundle\",\n            \"exec\",\n            \"puma\",\n            \"-C\",\n            \"config/puma.rb\"\n        ],\n        \"environment\": [\n            {\n                \"name\": \"RAILS_ENV\",\n                \"value\": \"production\"\n            },\n            {\n                \"name\": \"DB_HOST\",\n                \"value\": \"${db_host}\"\n            },\n            {\n                \"name\": \"DB_USERNAME\",\n                \"value\": \"${db_username}\"\n            },\n            {\n                \"name\": \"DB_PASSWORD\",\n                \"value\": \"${db_password}\"\n            },\n            {\n                \"name\": \"DB_DATABASE\",\n                \"value\": \"${db_database}\"\n            },\n            {\n                \"name\": \"RAILS_MASTER_KEY\",\n                \"value\": \"${rails_master_key}\"\n            },\n\t\t\t{\n\t\t\t\t\"name\": \"SECRET_KEY_BASE\",\n\t\t\t\t\"value\": \"${secret_key_base}\"\n\t\t\t}\n        ]\n    }\n]\n",
            "vars": {
              "db_database": "chells-kitchen",
              "db_host": "ck-rds.cgykkbi9dwwv.ap-northeast-1.rds.amazonaws.com",
              "db_password": "freaddyroom102",
              "db_username": "root",
              "rails_master_key": "eda5852063fa921f772fdb89db1f5f5e",
              "secret_key_base": "aruhiorehakigatuita.aruhiorehakigatuita"
            }
          }
        }
      ]
    },
    {
      "mode": "managed",
      "type": "aws_acm_certificate",
      "name": "chealseasuke",
      "provider": "provider.aws",
      "instances": [
        {
          "schema_version": 0,
          "attributes": {
            "arn": "arn:aws:acm:ap-northeast-1:807363467264:certificate/8585ebc9-4541-44bb-8704-2b2744df7689",
            "certificate_authority_arn": "",
            "certificate_body": null,
            "certificate_chain": null,
            "domain_name": "chealseasuke.com",
            "domain_validation_options": [
              {
                "domain_name": "chealseasuke.com",
                "resource_record_name": "_cc3f5983f7dd29e0bad09268771507fb.chealseasuke.com.",
                "resource_record_type": "CNAME",
                "resource_record_value": "_9c5d218ebee7d16ef2ec0debf4cee5c3.auiqqraehs.acm-validations.aws."
              }
            ],
            "id": "arn:aws:acm:ap-northeast-1:807363467264:certificate/8585ebc9-4541-44bb-8704-2b2744df7689",
            "options": [
              {
                "certificate_transparency_logging_preference": "ENABLED"
              }
            ],
            "private_key": null,
            "subject_alternative_names": [],
            "tags": null,
            "validation_emails": [],
            "validation_method": "DNS"
          },
          "private": "bnVsbA==",
          "depends_on": [
            "aws_route53_record.chealseasuke"
          ]
        }
      ]
    },
    {
      "mode": "managed",
      "type": "aws_acm_certificate_validation",
      "name": "chealseasuke",
      "provider": "provider.aws",
      "instances": [
        {
          "schema_version": 0,
          "attributes": {
            "certificate_arn": "arn:aws:acm:ap-northeast-1:807363467264:certificate/8585ebc9-4541-44bb-8704-2b2744df7689",
            "id": "2020-06-28 05:19:17 +0000 UTC",
            "timeouts": null,
            "validation_record_fqdns": [
              "_cc3f5983f7dd29e0bad09268771507fb.chealseasuke.com"
            ]
          },
          "private": "eyJlMmJmYjczMC1lY2FhLTExZTYtOGY4OC0zNDM2M2JjN2M0YzAiOnsiY3JlYXRlIjoyNzAwMDAwMDAwMDAwfX0=",
          "depends_on": [
            "aws_acm_certificate.chealseasuke",
            "aws_route53_record.chealseasuke_certificate"
          ]
        }
      ]
    },
    {
      "mode": "managed",
      "type": "aws_cloudwatch_log_group",
      "name": "for_ecs",
      "provider": "provider.aws",
      "instances": [
        {
          "schema_version": 0,
          "attributes": {
            "arn": "arn:aws:logs:ap-northeast-1:807363467264:log-group:/ecs/chellskitchen-logs:*",
            "id": "/ecs/chellskitchen-logs",
            "kms_key_id": "",
            "name": "/ecs/chellskitchen-logs",
            "name_prefix": null,
            "retention_in_days": 180,
            "tags": null
          },
          "private": "bnVsbA=="
        }
      ]
    },
    {
      "mode": "managed",
      "type": "aws_db_instance",
      "name": "ck-rds",
      "provider": "provider.aws",
      "instances": [
        {
          "schema_version": 1,
          "attributes": {
            "address": "ck-rds.cgykkbi9dwwv.ap-northeast-1.rds.amazonaws.com",
            "allocated_storage": 20,
            "allow_major_version_upgrade": null,
            "apply_immediately": false,
            "arn": "arn:aws:rds:ap-northeast-1:807363467264:db:ck-rds",
            "auto_minor_version_upgrade": false,
            "availability_zone": "ap-northeast-1a",
            "backup_retention_period": 30,
            "backup_window": "09:10-09:40",
            "ca_cert_identifier": "rds-ca-2019",
            "character_set_name": null,
            "copy_tags_to_snapshot": false,
            "db_subnet_group_name": "ck-rds",
            "delete_automated_backups": true,
            "deletion_protection": false,
            "domain": "",
            "domain_iam_role_name": "",
            "enabled_cloudwatch_logs_exports": null,
            "endpoint": "ck-rds.cgykkbi9dwwv.ap-northeast-1.rds.amazonaws.com:3306",
            "engine": "mysql",
            "engine_version": "5.7.25",
            "final_snapshot_identifier": null,
            "hosted_zone_id": "Z24O6O9L7SGTNB",
            "iam_database_authentication_enabled": false,
            "id": "ck-rds",
            "identifier": "ck-rds",
            "identifier_prefix": null,
            "instance_class": "db.t2.micro",
            "iops": 0,
            "kms_key_id": "",
            "license_model": "general-public-license",
            "maintenance_window": "mon:10:10-mon:10:40",
            "max_allocated_storage": 100,
            "monitoring_interval": 0,
            "monitoring_role_arn": "",
            "multi_az": true,
            "name": "",
            "option_group_name": "default:mysql-5-7",
            "parameter_group_name": "ck-rds",
            "password": "freaddyroom102",
            "performance_insights_enabled": false,
            "performance_insights_kms_key_id": "",
            "performance_insights_retention_period": 0,
            "port": 3306,
            "publicly_accessible": false,
            "replicas": [],
            "replicate_source_db": "",
            "resource_id": "db-JZCES5RS4MWYEUY2GRYCJEK46I",
            "s3_import": [],
            "security_group_names": null,
            "skip_final_snapshot": true,
            "snapshot_identifier": null,
            "status": "available",
            "storage_encrypted": false,
            "storage_type": "gp2",
            "tags": null,
            "timeouts": null,
            "timezone": "",
            "username": "root",
            "vpc_security_group_ids": [
              "sg-0e13274d3607a52f7"
            ]
          },
          "private": "eyJlMmJmYjczMC1lY2FhLTExZTYtOGY4OC0zNDM2M2JjN2M0YzAiOnsiY3JlYXRlIjoyNDAwMDAwMDAwMDAwLCJkZWxldGUiOjI0MDAwMDAwMDAwMDAsInVwZGF0ZSI6NDgwMDAwMDAwMDAwMH0sInNjaGVtYV92ZXJzaW9uIjoiMSJ9",
          "depends_on": [
            "aws_db_parameter_group.ck-rds",
            "aws_db_subnet_group.ck-rds",
            "module.mysql_sg"
          ]
        }
      ]
    },
    {
      "mode": "managed",
      "type": "aws_db_parameter_group",
      "name": "ck-rds",
      "provider": "provider.aws",
      "instances": [
        {
          "schema_version": 0,
          "attributes": {
            "arn": "arn:aws:rds:ap-northeast-1:807363467264:pg:ck-rds",
            "description": "Managed by Terraform",
            "family": "mysql5.7",
            "id": "ck-rds",
            "name": "ck-rds",
            "name_prefix": null,
            "parameter": [
              {
                "apply_method": "immediate",
                "name": "character_set_database",
                "value": "utf8mb4"
              },
              {
                "apply_method": "immediate",
                "name": "character_set_server",
                "value": "utf8mb4"
              }
            ],
            "tags": null
          },
          "private": "bnVsbA=="
        }
      ]
    },
    {
      "mode": "managed",
      "type": "aws_db_subnet_group",
      "name": "ck-rds",
      "provider": "provider.aws",
      "instances": [
        {
          "schema_version": 0,
          "attributes": {
            "arn": "arn:aws:rds:ap-northeast-1:807363467264:subgrp:ck-rds",
            "description": "Managed by Terraform",
            "id": "ck-rds",
            "name": "ck-rds",
            "name_prefix": null,
            "subnet_ids": [
              "subnet-01b977b9c7222853f",
              "subnet-02d97db4f69e1ebd0"
            ],
            "tags": null
          },
          "private": "bnVsbA==",
          "depends_on": [
            "aws_subnet.private_0",
            "aws_subnet.private_1"
          ]
        }
      ]
    },
    {
      "mode": "managed",
      "type": "aws_ecr_lifecycle_policy",
      "name": "ck-ecr-nginx",
      "provider": "provider.aws",
      "instances": [
        {
          "schema_version": 0,
          "attributes": {
            "id": "ck-ecr-nginx",
            "policy": "{\"rules\":[{\"rulePriority\":1,\"description\":\"Keep last 30 release tagged images\",\"selection\":{\"tagStatus\":\"tagged\",\"tagPrefixList\":[\"release\"],\"countType\":\"imageCountMoreThan\",\"countNumber\":30},\"action\":{\"type\":\"expire\"}}]}",
            "registry_id": "807363467264",
            "repository": "ck-ecr-nginx"
          },
          "private": "bnVsbA==",
          "depends_on": [
            "aws_ecr_repository.ck-ecr-nginx"
          ]
        }
      ]
    },
    {
      "mode": "managed",
      "type": "aws_ecr_lifecycle_policy",
      "name": "ck-ecr-rails",
      "provider": "provider.aws",
      "instances": [
        {
          "schema_version": 0,
          "attributes": {
            "id": "ck-ecr-rails",
            "policy": "{\"rules\":[{\"rulePriority\":1,\"description\":\"Keep last 30 release tagged images\",\"selection\":{\"tagStatus\":\"tagged\",\"tagPrefixList\":[\"release\"],\"countType\":\"imageCountMoreThan\",\"countNumber\":30},\"action\":{\"type\":\"expire\"}}]}",
            "registry_id": "807363467264",
            "repository": "ck-ecr-rails"
          },
          "private": "bnVsbA==",
          "depends_on": [
            "aws_ecr_repository.ck-ecr-rails"
          ]
        }
      ]
    },
    {
      "mode": "managed",
      "type": "aws_ecr_repository",
      "name": "ck-ecr-nginx",
      "provider": "provider.aws",
      "instances": [
        {
          "schema_version": 0,
          "attributes": {
            "arn": "arn:aws:ecr:ap-northeast-1:807363467264:repository/ck-ecr-nginx",
            "id": "ck-ecr-nginx",
            "image_scanning_configuration": [
              {
                "scan_on_push": false
              }
            ],
            "image_tag_mutability": "MUTABLE",
            "name": "ck-ecr-nginx",
            "registry_id": "807363467264",
            "repository_url": "807363467264.dkr.ecr.ap-northeast-1.amazonaws.com/ck-ecr-nginx",
            "tags": null,
            "timeouts": null
          },
          "private": "eyJlMmJmYjczMC1lY2FhLTExZTYtOGY4OC0zNDM2M2JjN2M0YzAiOnsiZGVsZXRlIjoxMjAwMDAwMDAwMDAwfX0="
        }
      ]
    },
    {
      "mode": "managed",
      "type": "aws_ecr_repository",
      "name": "ck-ecr-rails",
      "provider": "provider.aws",
      "instances": [
        {
          "schema_version": 0,
          "attributes": {
            "arn": "arn:aws:ecr:ap-northeast-1:807363467264:repository/ck-ecr-rails",
            "id": "ck-ecr-rails",
            "image_scanning_configuration": [
              {
                "scan_on_push": false
              }
            ],
            "image_tag_mutability": "MUTABLE",
            "name": "ck-ecr-rails",
            "registry_id": "807363467264",
            "repository_url": "807363467264.dkr.ecr.ap-northeast-1.amazonaws.com/ck-ecr-rails",
            "tags": null,
            "timeouts": null
          },
          "private": "eyJlMmJmYjczMC1lY2FhLTExZTYtOGY4OC0zNDM2M2JjN2M0YzAiOnsiZGVsZXRlIjoxMjAwMDAwMDAwMDAwfX0="
        }
      ]
    },
    {
      "mode": "managed",
      "type": "aws_ecs_cluster",
      "name": "ck-cluster",
      "provider": "provider.aws",
      "instances": [
        {
          "schema_version": 0,
          "attributes": {
            "arn": "arn:aws:ecs:ap-northeast-1:807363467264:cluster/ck-cluster",
            "capacity_providers": null,
            "default_capacity_provider_strategy": [],
            "id": "arn:aws:ecs:ap-northeast-1:807363467264:cluster/ck-cluster",
            "name": "ck-cluster",
            "setting": [
              {
                "name": "containerInsights",
                "value": "disabled"
              }
            ],
            "tags": null
          },
          "private": "bnVsbA=="
        }
      ]
    },
    {
      "mode": "managed",
      "type": "aws_ecs_task_definition",
      "name": "ck-db-create",
      "provider": "provider.aws",
      "instances": [
        {
          "schema_version": 1,
          "attributes": {
            "arn": "arn:aws:ecs:ap-northeast-1:807363467264:task-definition/ck-db-create:10",
            "container_definitions": "[{\"command\":[\"bundle\",\"exec\",\"rails\",\"db:create\"],\"cpu\":200,\"environment\":[{\"name\":\"RAILS_ENV\",\"value\":\"production\"},{\"name\":\"DB_USERNAME\",\"value\":\"root\"},{\"name\":\"RAILS_MASTER_KEY\",\"value\":\"eda5852063fa921f772fdb89db1f5f5e\"},{\"name\":\"DB_HOST\",\"value\":\"ck-rds.cgykkbi9dwwv.ap-northeast-1.rds.amazonaws.com\"},{\"name\":\"DB_DATABASE\",\"value\":\"chells-kitchen\"},{\"name\":\"DB_PASSWORD\",\"value\":\"freaddyroom102\"}],\"essential\":true,\"image\":\"807363467264.dkr.ecr.ap-northeast-1.amazonaws.com/ck-ecr-rails\",\"logConfiguration\":{\"logDriver\":\"awslogs\",\"options\":{\"awslogs-group\":\"/ecs/chellskitchen-logs\",\"awslogs-region\":\"ap-northeast-1\",\"awslogs-stream-prefix\":\"db-create\"}},\"memoryReservation\":512,\"mountPoints\":[],\"name\":\"app\",\"portMappings\":[],\"volumesFrom\":[]}]",
            "cpu": "256",
            "execution_role_arn": "arn:aws:iam::807363467264:role/ecs-task-execution",
            "family": "ck-db-create",
            "id": "ck-db-create",
            "inference_accelerator": [],
            "ipc_mode": "",
            "memory": "512",
            "network_mode": "awsvpc",
            "pid_mode": "",
            "placement_constraints": [],
            "proxy_configuration": [],
            "requires_compatibilities": [
              "FARGATE"
            ],
            "revision": 10,
            "tags": null,
            "task_role_arn": "",
            "volume": []
          },
          "private": "eyJzY2hlbWFfdmVyc2lvbiI6IjEifQ==",
          "depends_on": [
            "data.template_file.db_create_container",
            "module.ecs_task_execution_role"
          ]
        }
      ]
    },
    {
      "mode": "managed",
      "type": "aws_ecs_task_definition",
      "name": "ck-db-migrate",
      "provider": "provider.aws",
      "instances": [
        {
          "schema_version": 1,
          "attributes": {
            "arn": "arn:aws:ecs:ap-northeast-1:807363467264:task-definition/ck-db-migrate:5",
            "container_definitions": "[{\"command\":[\"bundle\",\"exec\",\"rails\",\"db:migrate\"],\"cpu\":200,\"environment\":[{\"name\":\"RAILS_ENV\",\"value\":\"production\"},{\"name\":\"DB_USERNAME\",\"value\":\"root\"},{\"name\":\"RAILS_MASTER_KEY\",\"value\":\"eda5852063fa921f772fdb89db1f5f5e\"},{\"name\":\"DB_HOST\",\"value\":\"ck-rds.cgykkbi9dwwv.ap-northeast-1.rds.amazonaws.com\"},{\"name\":\"DB_DATABASE\",\"value\":\"chells-kitchen\"},{\"name\":\"DB_PASSWORD\",\"value\":\"freaddyroom102\"}],\"essential\":true,\"image\":\"807363467264.dkr.ecr.ap-northeast-1.amazonaws.com/ck-ecr-rails\",\"logConfiguration\":{\"logDriver\":\"awslogs\",\"options\":{\"awslogs-group\":\"/ecs/chellskitchen-logs\",\"awslogs-region\":\"ap-northeast-1\",\"awslogs-stream-prefix\":\"db-create\"}},\"memoryReservation\":512,\"mountPoints\":[],\"name\":\"app\",\"portMappings\":[],\"volumesFrom\":[]}]",
            "cpu": "256",
            "execution_role_arn": "arn:aws:iam::807363467264:role/ecs-task-execution",
            "family": "ck-db-migrate",
            "id": "ck-db-migrate",
            "inference_accelerator": [],
            "ipc_mode": "",
            "memory": "512",
            "network_mode": "awsvpc",
            "pid_mode": "",
            "placement_constraints": [],
            "proxy_configuration": [],
            "requires_compatibilities": [
              "FARGATE"
            ],
            "revision": 5,
            "tags": null,
            "task_role_arn": "",
            "volume": []
          },
          "private": "eyJzY2hlbWFfdmVyc2lvbiI6IjEifQ==",
          "depends_on": [
            "data.template_file.db_migrate_container",
            "module.ecs_task_execution_role"
          ]
        }
      ]
    },
    {
      "mode": "managed",
      "type": "aws_ecs_task_definition",
      "name": "ck-db-seed",
      "provider": "provider.aws",
      "instances": [
        {
          "schema_version": 1,
          "attributes": {
            "arn": "arn:aws:ecs:ap-northeast-1:807363467264:task-definition/ck-db-seed:4",
            "container_definitions": "[{\"command\":[\"bundle\",\"exec\",\"rails\",\"db:seed\"],\"cpu\":200,\"environment\":[{\"name\":\"RAILS_ENV\",\"value\":\"production\"},{\"name\":\"DB_USERNAME\",\"value\":\"root\"},{\"name\":\"RAILS_MASTER_KEY\",\"value\":\"eda5852063fa921f772fdb89db1f5f5e\"},{\"name\":\"DB_HOST\",\"value\":\"ck-rds.cgykkbi9dwwv.ap-northeast-1.rds.amazonaws.com\"},{\"name\":\"DB_DATABASE\",\"value\":\"chells-kitchen\"},{\"name\":\"DB_PASSWORD\",\"value\":\"freaddyroom102\"}],\"essential\":true,\"image\":\"807363467264.dkr.ecr.ap-northeast-1.amazonaws.com/ck-ecr-rails\",\"logConfiguration\":{\"logDriver\":\"awslogs\",\"options\":{\"awslogs-group\":\"/ecs/chellskitchen-logs\",\"awslogs-region\":\"ap-northeast-1\",\"awslogs-stream-prefix\":\"db-create\"}},\"memoryReservation\":512,\"mountPoints\":[],\"name\":\"app\",\"portMappings\":[],\"volumesFrom\":[]}]",
            "cpu": "256",
            "execution_role_arn": "arn:aws:iam::807363467264:role/ecs-task-execution",
            "family": "ck-db-seed",
            "id": "ck-db-seed",
            "inference_accelerator": [],
            "ipc_mode": "",
            "memory": "512",
            "network_mode": "awsvpc",
            "pid_mode": "",
            "placement_constraints": [],
            "proxy_configuration": [],
            "requires_compatibilities": [
              "FARGATE"
            ],
            "revision": 4,
            "tags": null,
            "task_role_arn": "",
            "volume": []
          },
          "private": "eyJzY2hlbWFfdmVyc2lvbiI6IjEifQ==",
          "depends_on": [
            "data.template_file.db_seed_container",
            "module.ecs_task_execution_role"
          ]
        }
      ]
    },
    {
      "mode": "managed",
      "type": "aws_ecs_task_definition",
      "name": "ck-task-definition",
      "provider": "provider.aws",
      "instances": [
        {
          "schema_version": 1,
          "attributes": {
            "arn": "arn:aws:ecs:ap-northeast-1:807363467264:task-definition/ck-task-definition:53",
            "container_definitions": "[{\"command\":[\"/usr/sbin/nginx\",\"-g\",\"daemon off;\",\"-c\",\"/etc/nginx/nginx.conf\"],\"cpu\":0,\"environment\":[],\"essential\":true,\"image\":\"807363467264.dkr.ecr.ap-northeast-1.amazonaws.com/ck-ecr-nginx\",\"logConfiguration\":{\"logDriver\":\"awslogs\",\"options\":{\"awslogs-group\":\"/ecs/chellskitchen-logs\",\"awslogs-region\":\"ap-northeast-1\",\"awslogs-stream-prefix\":\"nginx\"}},\"mountPoints\":[{\"containerPath\":\"/chells-kitchen/tmp/sockets\",\"sourceVolume\":\"sockets-database\"}],\"name\":\"nginx\",\"portMappings\":[{\"containerPort\":80,\"hostPort\":80,\"protocol\":\"tcp\"}],\"volumesFrom\":[]},{\"command\":[\"bundle\",\"exec\",\"puma\",\"-C\",\"config/puma.rb\"],\"cpu\":0,\"environment\":[{\"name\":\"RAILS_ENV\",\"value\":\"production\"},{\"name\":\"DB_USERNAME\",\"value\":\"root\"},{\"name\":\"RAILS_MASTER_KEY\",\"value\":\"eda5852063fa921f772fdb89db1f5f5e\"},{\"name\":\"DB_HOST\",\"value\":\"ck-rds.cgykkbi9dwwv.ap-northeast-1.rds.amazonaws.com\"},{\"name\":\"DB_DATABASE\",\"value\":\"chells-kitchen\"},{\"name\":\"SECRET_KEY_BASE\",\"value\":\"aruhiorehakigatuita.aruhiorehakigatuita\"},{\"name\":\"DB_PASSWORD\",\"value\":\"freaddyroom102\"}],\"essential\":true,\"image\":\"807363467264.dkr.ecr.ap-northeast-1.amazonaws.com/ck-ecr-rails\",\"logConfiguration\":{\"logDriver\":\"awslogs\",\"options\":{\"awslogs-group\":\"/ecs/chellskitchen-logs\",\"awslogs-region\":\"ap-northeast-1\",\"awslogs-stream-prefix\":\"rails\"}},\"mountPoints\":[{\"containerPath\":\"/chells-kitchen/tmp/sockets\",\"sourceVolume\":\"sockets-database\"}],\"name\":\"rails\",\"portMappings\":[{\"containerPort\":3000,\"hostPort\":3000,\"protocol\":\"tcp\"}],\"volumesFrom\":[]}]",
            "cpu": "256",
            "execution_role_arn": "arn:aws:iam::807363467264:role/ecs-task-execution",
            "family": "ck-task-definition",
            "id": "ck-task-definition",
            "inference_accelerator": [],
            "ipc_mode": "",
            "memory": "512",
            "network_mode": "awsvpc",
            "pid_mode": "",
            "placement_constraints": [],
            "proxy_configuration": [],
            "requires_compatibilities": [
              "FARGATE"
            ],
            "revision": 53,
            "tags": null,
            "task_role_arn": "",
            "volume": [
              {
                "docker_volume_configuration": [],
                "efs_volume_configuration": [],
                "host_path": "",
                "name": "sockets-database"
              }
            ]
          },
          "private": "eyJzY2hlbWFfdmVyc2lvbiI6IjEifQ==",
          "depends_on": [
            "data.template_file.rails_nginx_container",
            "module.ecs_task_execution_role"
          ]
        }
      ]
    },
    {
      "mode": "managed",
      "type": "aws_eip",
      "name": "nat_gateway_0",
      "provider": "provider.aws",
      "instances": [
        {
          "schema_version": 0,
          "attributes": {
            "allocation_id": null,
            "associate_with_private_ip": null,
            "association_id": "",
            "customer_owned_ip": "",
            "customer_owned_ipv4_pool": "",
            "domain": "vpc",
            "id": "eipalloc-09431838ff8009edf",
            "instance": "",
            "network_interface": "",
            "private_dns": null,
            "private_ip": "",
            "public_dns": "ec2-54-249-129-125.ap-northeast-1.compute.amazonaws.com",
            "public_ip": "54.249.129.125",
            "public_ipv4_pool": "amazon",
            "tags": null,
            "timeouts": null,
            "vpc": true
          },
          "private": "eyJlMmJmYjczMC1lY2FhLTExZTYtOGY4OC0zNDM2M2JjN2M0YzAiOnsiZGVsZXRlIjoxODAwMDAwMDAwMDAsInJlYWQiOjkwMDAwMDAwMDAwMCwidXBkYXRlIjozMDAwMDAwMDAwMDB9fQ==",
          "depends_on": [
            "aws_internet_gateway.chells_kitchen"
          ]
        }
      ]
    },
    {
      "mode": "managed",
      "type": "aws_eip",
      "name": "nat_gateway_1",
      "provider": "provider.aws",
      "instances": [
        {
          "schema_version": 0,
          "attributes": {
            "allocation_id": null,
            "associate_with_private_ip": null,
            "association_id": "",
            "customer_owned_ip": "",
            "customer_owned_ipv4_pool": "",
            "domain": "vpc",
            "id": "eipalloc-0356e1c726e241165",
            "instance": "",
            "network_interface": "",
            "private_dns": null,
            "private_ip": "",
            "public_dns": "ec2-54-168-124-22.ap-northeast-1.compute.amazonaws.com",
            "public_ip": "54.168.124.22",
            "public_ipv4_pool": "amazon",
            "tags": null,
            "timeouts": null,
            "vpc": true
          },
          "private": "eyJlMmJmYjczMC1lY2FhLTExZTYtOGY4OC0zNDM2M2JjN2M0YzAiOnsiZGVsZXRlIjoxODAwMDAwMDAwMDAsInJlYWQiOjkwMDAwMDAwMDAwMCwidXBkYXRlIjozMDAwMDAwMDAwMDB9fQ==",
          "depends_on": [
            "aws_internet_gateway.chells_kitchen"
          ]
        }
      ]
    },
    {
      "module": "module.ecs_task_execution_role",
      "mode": "managed",
      "type": "aws_iam_policy",
      "name": "default",
      "provider": "provider.aws",
      "instances": [
        {
          "schema_version": 0,
          "attributes": {
            "arn": "arn:aws:iam::807363467264:policy/ecs-task-execution",
            "description": "",
            "id": "arn:aws:iam::807363467264:policy/ecs-task-execution",
            "name": "ecs-task-execution",
            "name_prefix": null,
            "path": "/",
            "policy": "{\n  \"Version\": \"2012-10-17\",\n  \"Statement\": [\n    {\n      \"Sid\": \"\",\n      \"Effect\": \"Allow\",\n      \"Action\": [\n        \"ecr:GetAuthorizationToken\",\n        \"ecr:BatchCheckLayerAvailability\",\n        \"ecr:GetDownloadUrlForLayer\",\n        \"ecr:BatchGetImage\",\n        \"logs:CreateLogStream\",\n        \"logs:PutLogEvents\"\n      ],\n      \"Resource\": \"*\"\n    },\n    {\n      \"Sid\": \"\",\n      \"Effect\": \"Allow\",\n      \"Action\": [\n        \"ssm:GetParameters\",\n        \"kms:Decrypt\"\n      ],\n      \"Resource\": \"*\"\n    }\n  ]\n}"
          },
          "private": "bnVsbA=="
        }
      ]
    },
    {
      "module": "module.ecs_task_execution_role",
      "mode": "managed",
      "type": "aws_iam_role",
      "name": "default",
      "provider": "provider.aws",
      "instances": [
        {
          "schema_version": 0,
          "attributes": {
            "arn": "arn:aws:iam::807363467264:role/ecs-task-execution",
            "assume_role_policy": "{\"Version\":\"2012-10-17\",\"Statement\":[{\"Sid\":\"\",\"Effect\":\"Allow\",\"Principal\":{\"Service\":\"ecs-tasks.amazonaws.com\"},\"Action\":\"sts:AssumeRole\"}]}",
            "create_date": "2020-06-28T05:13:27Z",
            "description": "",
            "force_detach_policies": false,
            "id": "ecs-task-execution",
            "max_session_duration": 3600,
            "name": "ecs-task-execution",
            "name_prefix": null,
            "path": "/",
            "permissions_boundary": null,
            "tags": null,
            "unique_id": "AROA3X6U43AANTKN4GGJL"
          },
          "private": "bnVsbA==",
          "depends_on": [
            "data.aws_iam_policy_document.assume_role"
          ]
        }
      ]
    },
    {
      "module": "module.ecs_task_execution_role",
      "mode": "managed",
      "type": "aws_iam_role_policy_attachment",
      "name": "default",
      "provider": "provider.aws",
      "instances": [
        {
          "schema_version": 0,
          "attributes": {
            "id": "ecs-task-execution-20200628051336413600000002",
            "policy_arn": "arn:aws:iam::807363467264:policy/ecs-task-execution",
            "role": "ecs-task-execution"
          },
          "private": "bnVsbA==",
          "depends_on": [
            "aws_iam_policy.default",
            "aws_iam_role.default"
          ]
        }
      ]
    },
    {
      "mode": "managed",
      "type": "aws_internet_gateway",
      "name": "chells_kitchen",
      "provider": "provider.aws",
      "instances": [
        {
          "schema_version": 0,
          "attributes": {
            "id": "igw-0b387684ff1562413",
            "owner_id": "807363467264",
            "tags": null,
            "vpc_id": "vpc-0257ce55dfd304023"
          },
          "private": "bnVsbA==",
          "depends_on": [
            "aws_vpc.chells_kitchen"
          ]
        }
      ]
    },
    {
      "mode": "managed",
      "type": "aws_lb",
      "name": "ck-ab",
      "provider": "provider.aws",
      "instances": [
        {
          "schema_version": 0,
          "attributes": {
            "access_logs": [
              {
                "bucket": "chealsea-ck-clb",
                "enabled": true,
                "prefix": ""
              }
            ],
            "arn": "arn:aws:elasticloadbalancing:ap-northeast-1:807363467264:loadbalancer/app/ck-ab/c5ad240e7b1b81fc",
            "arn_suffix": "app/ck-ab/c5ad240e7b1b81fc",
            "dns_name": "ck-ab-1483077639.ap-northeast-1.elb.amazonaws.com",
            "drop_invalid_header_fields": false,
            "enable_cross_zone_load_balancing": null,
            "enable_deletion_protection": false,
            "enable_http2": true,
            "id": "arn:aws:elasticloadbalancing:ap-northeast-1:807363467264:loadbalancer/app/ck-ab/c5ad240e7b1b81fc",
            "idle_timeout": 60,
            "internal": false,
            "ip_address_type": "ipv4",
            "load_balancer_type": "application",
            "name": "ck-ab",
            "name_prefix": null,
            "security_groups": [
              "sg-02ca8f2f7c3ad0e31",
              "sg-04ea111fcf58b586b",
              "sg-0a8f6666b6e0ea279"
            ],
            "subnet_mapping": [
              {
                "allocation_id": "",
                "subnet_id": "subnet-092856141d75b1a42"
              },
              {
                "allocation_id": "",
                "subnet_id": "subnet-0b9e7d6bcd81ed7e7"
              }
            ],
            "subnets": [
              "subnet-092856141d75b1a42",
              "subnet-0b9e7d6bcd81ed7e7"
            ],
            "tags": null,
            "timeouts": null,
            "vpc_id": "vpc-0257ce55dfd304023",
            "zone_id": "Z14GRHDCWA56QT"
          },
          "private": "eyJlMmJmYjczMC1lY2FhLTExZTYtOGY4OC0zNDM2M2JjN2M0YzAiOnsiY3JlYXRlIjo2MDAwMDAwMDAwMDAsImRlbGV0ZSI6NjAwMDAwMDAwMDAwLCJ1cGRhdGUiOjYwMDAwMDAwMDAwMH19",
          "depends_on": [
            "aws_s3_bucket.alb_log",
            "aws_subnet.public_0",
            "aws_subnet.public_1",
            "module.http_redirect_sg",
            "module.http_sg",
            "module.https_sg"
          ]
        }
      ]
    },
    {
      "mode": "managed",
      "type": "aws_lb_listener",
      "name": "http",
      "provider": "provider.aws",
      "instances": [
        {
          "schema_version": 0,
          "attributes": {
            "arn": "arn:aws:elasticloadbalancing:ap-northeast-1:807363467264:listener/app/ck-ab/c5ad240e7b1b81fc/9e39f269df342310",
            "certificate_arn": null,
            "default_action": [
              {
                "authenticate_cognito": [],
                "authenticate_oidc": [],
                "fixed_response": [
                  {
                    "content_type": "text/plain",
                    "message_body": "これはHTTPです",
                    "status_code": "200"
                  }
                ],
                "order": 1,
                "redirect": [],
                "target_group_arn": "",
                "type": "fixed-response"
              }
            ],
            "id": "arn:aws:elasticloadbalancing:ap-northeast-1:807363467264:listener/app/ck-ab/c5ad240e7b1b81fc/9e39f269df342310",
            "load_balancer_arn": "arn:aws:elasticloadbalancing:ap-northeast-1:807363467264:loadbalancer/app/ck-ab/c5ad240e7b1b81fc",
            "port": 80,
            "protocol": "HTTP",
            "ssl_policy": "",
            "timeouts": null
          },
          "private": "eyJlMmJmYjczMC1lY2FhLTExZTYtOGY4OC0zNDM2M2JjN2M0YzAiOnsicmVhZCI6NjAwMDAwMDAwMDAwfX0=",
          "depends_on": [
            "aws_lb.ck-ab"
          ]
        }
      ]
    },
    {
      "mode": "managed",
      "type": "aws_lb_listener",
      "name": "https",
      "provider": "provider.aws",
      "instances": [
        {
          "schema_version": 0,
          "attributes": {
            "arn": "arn:aws:elasticloadbalancing:ap-northeast-1:807363467264:listener/app/ck-ab/c5ad240e7b1b81fc/6e86ee7adc4865b7",
            "certificate_arn": "arn:aws:acm:ap-northeast-1:807363467264:certificate/8585ebc9-4541-44bb-8704-2b2744df7689",
            "default_action": [
              {
                "authenticate_cognito": [],
                "authenticate_oidc": [],
                "fixed_response": [],
                "order": 1,
                "redirect": [],
                "target_group_arn": "arn:aws:elasticloadbalancing:ap-northeast-1:807363467264:targetgroup/ck-ab-target616/70c010c92058f080",
                "type": "forward"
              }
            ],
            "id": "arn:aws:elasticloadbalancing:ap-northeast-1:807363467264:listener/app/ck-ab/c5ad240e7b1b81fc/6e86ee7adc4865b7",
            "load_balancer_arn": "arn:aws:elasticloadbalancing:ap-northeast-1:807363467264:loadbalancer/app/ck-ab/c5ad240e7b1b81fc",
            "port": 443,
            "protocol": "HTTPS",
            "ssl_policy": "ELBSecurityPolicy-2016-08",
            "timeouts": null
          },
          "private": "eyJlMmJmYjczMC1lY2FhLTExZTYtOGY4OC0zNDM2M2JjN2M0YzAiOnsicmVhZCI6NjAwMDAwMDAwMDAwfX0=",
          "depends_on": [
            "aws_acm_certificate.chealseasuke",
            "aws_lb.ck-ab",
            "aws_lb_target_group.ck-ab-target"
          ]
        }
      ]
    },
    {
      "mode": "managed",
      "type": "aws_lb_listener",
      "name": "redirect_http_to_https",
      "provider": "provider.aws",
      "instances": [
        {
          "schema_version": 0,
          "attributes": {
            "arn": "arn:aws:elasticloadbalancing:ap-northeast-1:807363467264:listener/app/ck-ab/c5ad240e7b1b81fc/a7f2cf6e3be77711",
            "certificate_arn": null,
            "default_action": [
              {
                "authenticate_cognito": [],
                "authenticate_oidc": [],
                "fixed_response": [],
                "order": 1,
                "redirect": [
                  {
                    "host": "#{host}",
                    "path": "/#{path}",
                    "port": "443",
                    "protocol": "HTTPS",
                    "query": "#{query}",
                    "status_code": "HTTP_301"
                  }
                ],
                "target_group_arn": "",
                "type": "redirect"
              }
            ],
            "id": "arn:aws:elasticloadbalancing:ap-northeast-1:807363467264:listener/app/ck-ab/c5ad240e7b1b81fc/a7f2cf6e3be77711",
            "load_balancer_arn": "arn:aws:elasticloadbalancing:ap-northeast-1:807363467264:loadbalancer/app/ck-ab/c5ad240e7b1b81fc",
            "port": 8080,
            "protocol": "HTTP",
            "ssl_policy": "",
            "timeouts": null
          },
          "private": "eyJlMmJmYjczMC1lY2FhLTExZTYtOGY4OC0zNDM2M2JjN2M0YzAiOnsicmVhZCI6NjAwMDAwMDAwMDAwfX0=",
          "depends_on": [
            "aws_lb.ck-ab"
          ]
        }
      ]
    },
    {
      "mode": "managed",
      "type": "aws_lb_listener_rule",
      "name": "ck-ab-rule",
      "provider": "provider.aws",
      "instances": [
        {
          "schema_version": 0,
          "attributes": {
            "action": [
              {
                "authenticate_cognito": [],
                "authenticate_oidc": [],
                "fixed_response": [],
                "order": 1,
                "redirect": [],
                "target_group_arn": "arn:aws:elasticloadbalancing:ap-northeast-1:807363467264:targetgroup/ck-ab-target616/70c010c92058f080",
                "type": "forward"
              }
            ],
            "arn": "arn:aws:elasticloadbalancing:ap-northeast-1:807363467264:listener-rule/app/ck-ab/c5ad240e7b1b81fc/6e86ee7adc4865b7/6459c3410a57e4d9",
            "condition": [
              {
                "field": "path-pattern",
                "host_header": [],
                "http_header": [],
                "http_request_method": [],
                "path_pattern": [
                  {
                    "values": [
                      "/*"
                    ]
                  }
                ],
                "query_string": [],
                "source_ip": [],
                "values": [
                  "/*"
                ]
              }
            ],
            "id": "arn:aws:elasticloadbalancing:ap-northeast-1:807363467264:listener-rule/app/ck-ab/c5ad240e7b1b81fc/6e86ee7adc4865b7/6459c3410a57e4d9",
            "listener_arn": "arn:aws:elasticloadbalancing:ap-northeast-1:807363467264:listener/app/ck-ab/c5ad240e7b1b81fc/6e86ee7adc4865b7",
            "priority": 100
          },
          "private": "bnVsbA==",
          "depends_on": [
            "aws_lb_listener.https",
            "aws_lb_target_group.ck-ab-target"
          ]
        }
      ]
    },
    {
      "mode": "managed",
      "type": "aws_lb_target_group",
      "name": "ck-ab-target",
      "provider": "provider.aws",
      "instances": [
        {
          "schema_version": 0,
          "attributes": {
            "arn": "arn:aws:elasticloadbalancing:ap-northeast-1:807363467264:targetgroup/ck-ab-target616/70c010c92058f080",
            "arn_suffix": "targetgroup/ck-ab-target616/70c010c92058f080",
            "deregistration_delay": 300,
            "health_check": [
              {
                "enabled": true,
                "healthy_threshold": 2,
                "interval": 30,
                "matcher": "200",
                "path": "/",
                "port": "traffic-port",
                "protocol": "HTTP",
                "timeout": 5,
                "unhealthy_threshold": 4
              }
            ],
            "id": "arn:aws:elasticloadbalancing:ap-northeast-1:807363467264:targetgroup/ck-ab-target616/70c010c92058f080",
            "lambda_multi_value_headers_enabled": false,
            "load_balancing_algorithm_type": "round_robin",
            "name": "ck-ab-target616",
            "name_prefix": null,
            "port": 80,
            "protocol": "HTTP",
            "proxy_protocol_v2": false,
            "slow_start": 0,
            "stickiness": [
              {
                "cookie_duration": 86400,
                "enabled": false,
                "type": "lb_cookie"
              }
            ],
            "tags": null,
            "target_type": "ip",
            "vpc_id": "vpc-0257ce55dfd304023"
          },
          "private": "bnVsbA==",
          "depends_on": [
            "aws_lb.ck-ab",
            "aws_vpc.chells_kitchen"
          ]
        }
      ]
    },
    {
      "mode": "managed",
      "type": "aws_nat_gateway",
      "name": "nat_gateway_0",
      "provider": "provider.aws",
      "instances": [
        {
          "schema_version": 0,
          "attributes": {
            "allocation_id": "eipalloc-09431838ff8009edf",
            "id": "nat-0d44aee1dcf616b40",
            "network_interface_id": "eni-0031b904a271b2e60",
            "private_ip": "10.0.1.15",
            "public_ip": "54.249.129.125",
            "subnet_id": "subnet-0b9e7d6bcd81ed7e7",
            "tags": null
          },
          "private": "bnVsbA==",
          "depends_on": [
            "aws_eip.nat_gateway_0",
            "aws_internet_gateway.chells_kitchen",
            "aws_subnet.public_0"
          ]
        }
      ]
    },
    {
      "mode": "managed",
      "type": "aws_nat_gateway",
      "name": "nat_gateway_1",
      "provider": "provider.aws",
      "instances": [
        {
          "schema_version": 0,
          "attributes": {
            "allocation_id": "eipalloc-0356e1c726e241165",
            "id": "nat-0a321c0cc0434941f",
            "network_interface_id": "eni-0294a80fc71956875",
            "private_ip": "10.0.2.104",
            "public_ip": "54.168.124.22",
            "subnet_id": "subnet-092856141d75b1a42",
            "tags": null
          },
          "private": "bnVsbA==",
          "depends_on": [
            "aws_eip.nat_gateway_1",
            "aws_internet_gateway.chells_kitchen",
            "aws_subnet.public_1"
          ]
        }
      ]
    },
    {
      "mode": "managed",
      "type": "aws_route",
      "name": "private_0",
      "provider": "provider.aws",
      "instances": [
        {
          "schema_version": 0,
          "attributes": {
            "destination_cidr_block": "0.0.0.0/0",
            "destination_ipv6_cidr_block": null,
            "destination_prefix_list_id": "",
            "egress_only_gateway_id": "",
            "gateway_id": "",
            "id": "r-rtb-0c78a7c08a837fe301080289494",
            "instance_id": "",
            "instance_owner_id": "",
            "nat_gateway_id": "nat-0d44aee1dcf616b40",
            "network_interface_id": "",
            "origin": "CreateRoute",
            "route_table_id": "rtb-0c78a7c08a837fe30",
            "state": "active",
            "timeouts": null,
            "transit_gateway_id": "",
            "vpc_peering_connection_id": ""
          },
          "private": "eyJlMmJmYjczMC1lY2FhLTExZTYtOGY4OC0zNDM2M2JjN2M0YzAiOnsiY3JlYXRlIjoxMjAwMDAwMDAwMDAsImRlbGV0ZSI6MzAwMDAwMDAwMDAwfX0=",
          "depends_on": [
            "aws_nat_gateway.nat_gateway_0",
            "aws_route_table.private_0"
          ]
        }
      ]
    },
    {
      "mode": "managed",
      "type": "aws_route",
      "name": "private_1",
      "provider": "provider.aws",
      "instances": [
        {
          "schema_version": 0,
          "attributes": {
            "destination_cidr_block": "0.0.0.0/0",
            "destination_ipv6_cidr_block": null,
            "destination_prefix_list_id": "",
            "egress_only_gateway_id": "",
            "gateway_id": "",
            "id": "r-rtb-069b3dd1f7847e8441080289494",
            "instance_id": "",
            "instance_owner_id": "",
            "nat_gateway_id": "nat-0a321c0cc0434941f",
            "network_interface_id": "",
            "origin": "CreateRoute",
            "route_table_id": "rtb-069b3dd1f7847e844",
            "state": "active",
            "timeouts": null,
            "transit_gateway_id": "",
            "vpc_peering_connection_id": ""
          },
          "private": "eyJlMmJmYjczMC1lY2FhLTExZTYtOGY4OC0zNDM2M2JjN2M0YzAiOnsiY3JlYXRlIjoxMjAwMDAwMDAwMDAsImRlbGV0ZSI6MzAwMDAwMDAwMDAwfX0=",
          "depends_on": [
            "aws_nat_gateway.nat_gateway_1",
            "aws_route_table.private_1"
          ]
        }
      ]
    },
    {
      "mode": "managed",
      "type": "aws_route",
      "name": "public",
      "provider": "provider.aws",
      "instances": [
        {
          "schema_version": 0,
          "attributes": {
            "destination_cidr_block": "0.0.0.0/0",
            "destination_ipv6_cidr_block": null,
            "destination_prefix_list_id": "",
            "egress_only_gateway_id": "",
            "gateway_id": "igw-0b387684ff1562413",
            "id": "r-rtb-0c9591dfa4299a7211080289494",
            "instance_id": "",
            "instance_owner_id": "",
            "nat_gateway_id": "",
            "network_interface_id": "",
            "origin": "CreateRoute",
            "route_table_id": "rtb-0c9591dfa4299a721",
            "state": "active",
            "timeouts": null,
            "transit_gateway_id": "",
            "vpc_peering_connection_id": ""
          },
          "private": "eyJlMmJmYjczMC1lY2FhLTExZTYtOGY4OC0zNDM2M2JjN2M0YzAiOnsiY3JlYXRlIjoxMjAwMDAwMDAwMDAsImRlbGV0ZSI6MzAwMDAwMDAwMDAwfX0=",
          "depends_on": [
            "aws_internet_gateway.chells_kitchen",
            "aws_route_table.public"
          ]
        }
      ]
    },
    {
      "mode": "managed",
      "type": "aws_route53_record",
      "name": "chealseasuke",
      "provider": "provider.aws",
      "instances": [
        {
          "schema_version": 2,
          "attributes": {
            "alias": [
              {
                "evaluate_target_health": true,
                "name": "ck-ab-1483077639.ap-northeast-1.elb.amazonaws.com",
                "zone_id": "Z14GRHDCWA56QT"
              }
            ],
            "allow_overwrite": null,
            "failover_routing_policy": [],
            "fqdn": "chealseasuke.com",
            "geolocation_routing_policy": [],
            "health_check_id": null,
            "id": "Z028940022REKX8I23H6Z_chealseasuke.com._A",
            "latency_routing_policy": [],
            "multivalue_answer_routing_policy": null,
            "name": "chealseasuke.com",
            "records": null,
            "set_identifier": null,
            "ttl": null,
            "type": "A",
            "weighted_routing_policy": [],
            "zone_id": "Z028940022REKX8I23H6Z"
          },
          "private": "eyJzY2hlbWFfdmVyc2lvbiI6IjIifQ==",
          "depends_on": [
            "aws_lb.ck-ab",
            "data.aws_route53_zone.chealseasuke"
          ]
        }
      ]
    },
    {
      "mode": "managed",
      "type": "aws_route53_record",
      "name": "chealseasuke_certificate",
      "provider": "provider.aws",
      "instances": [
        {
          "schema_version": 2,
          "attributes": {
            "alias": [],
            "allow_overwrite": null,
            "failover_routing_policy": [],
            "fqdn": "_cc3f5983f7dd29e0bad09268771507fb.chealseasuke.com",
            "geolocation_routing_policy": [],
            "health_check_id": null,
            "id": "Z028940022REKX8I23H6Z__cc3f5983f7dd29e0bad09268771507fb.chealseasuke.com._CNAME",
            "latency_routing_policy": [],
            "multivalue_answer_routing_policy": null,
            "name": "_cc3f5983f7dd29e0bad09268771507fb.chealseasuke.com",
            "records": [
              "_9c5d218ebee7d16ef2ec0debf4cee5c3.auiqqraehs.acm-validations.aws."
            ],
            "set_identifier": null,
            "ttl": 60,
            "type": "CNAME",
            "weighted_routing_policy": [],
            "zone_id": "Z028940022REKX8I23H6Z"
          },
          "private": "eyJzY2hlbWFfdmVyc2lvbiI6IjIifQ==",
          "depends_on": [
            "aws_acm_certificate.chealseasuke",
            "data.aws_route53_zone.chealseasuke"
          ]
        }
      ]
    },
    {
      "mode": "managed",
      "type": "aws_route_table",
      "name": "private_0",
      "provider": "provider.aws",
      "instances": [
        {
          "schema_version": 0,
          "attributes": {
            "id": "rtb-0c78a7c08a837fe30",
            "owner_id": "807363467264",
            "propagating_vgws": [],
            "route": [],
            "tags": null,
            "vpc_id": "vpc-0257ce55dfd304023"
          },
          "private": "bnVsbA==",
          "depends_on": [
            "aws_vpc.chells_kitchen"
          ]
        }
      ]
    },
    {
      "mode": "managed",
      "type": "aws_route_table",
      "name": "private_1",
      "provider": "provider.aws",
      "instances": [
        {
          "schema_version": 0,
          "attributes": {
            "id": "rtb-069b3dd1f7847e844",
            "owner_id": "807363467264",
            "propagating_vgws": [],
            "route": [],
            "tags": null,
            "vpc_id": "vpc-0257ce55dfd304023"
          },
          "private": "bnVsbA==",
          "depends_on": [
            "aws_vpc.chells_kitchen"
          ]
        }
      ]
    },
    {
      "mode": "managed",
      "type": "aws_route_table",
      "name": "public",
      "provider": "provider.aws",
      "instances": [
        {
          "schema_version": 0,
          "attributes": {
            "id": "rtb-0c9591dfa4299a721",
            "owner_id": "807363467264",
            "propagating_vgws": [],
            "route": [],
            "tags": null,
            "vpc_id": "vpc-0257ce55dfd304023"
          },
          "private": "bnVsbA==",
          "depends_on": [
            "aws_vpc.chells_kitchen"
          ]
        }
      ]
    },
    {
      "mode": "managed",
      "type": "aws_route_table_association",
      "name": "private_0",
      "provider": "provider.aws",
      "instances": [
        {
          "schema_version": 0,
          "attributes": {
            "gateway_id": null,
            "id": "rtbassoc-0bca9326f8c489944",
            "route_table_id": "rtb-0c78a7c08a837fe30",
            "subnet_id": "subnet-01b977b9c7222853f"
          },
          "private": "bnVsbA==",
          "depends_on": [
            "aws_route_table.private_0",
            "aws_subnet.private_0"
          ]
        }
      ]
    },
    {
      "mode": "managed",
      "type": "aws_route_table_association",
      "name": "private_1",
      "provider": "provider.aws",
      "instances": [
        {
          "schema_version": 0,
          "attributes": {
            "gateway_id": null,
            "id": "rtbassoc-0e2a00c05123881fd",
            "route_table_id": "rtb-069b3dd1f7847e844",
            "subnet_id": "subnet-02d97db4f69e1ebd0"
          },
          "private": "bnVsbA==",
          "depends_on": [
            "aws_route_table.private_1",
            "aws_subnet.private_1"
          ]
        }
      ]
    },
    {
      "mode": "managed",
      "type": "aws_route_table_association",
      "name": "public_0",
      "provider": "provider.aws",
      "instances": [
        {
          "schema_version": 0,
          "attributes": {
            "gateway_id": null,
            "id": "rtbassoc-0c31a7305d8bfe9d9",
            "route_table_id": "rtb-0c9591dfa4299a721",
            "subnet_id": "subnet-0b9e7d6bcd81ed7e7"
          },
          "private": "bnVsbA==",
          "depends_on": [
            "aws_route_table.public",
            "aws_subnet.public_0"
          ]
        }
      ]
    },
    {
      "mode": "managed",
      "type": "aws_route_table_association",
      "name": "public_1",
      "provider": "provider.aws",
      "instances": [
        {
          "schema_version": 0,
          "attributes": {
            "gateway_id": null,
            "id": "rtbassoc-0487a921eb36bff47",
            "route_table_id": "rtb-0c9591dfa4299a721",
            "subnet_id": "subnet-092856141d75b1a42"
          },
          "private": "bnVsbA==",
          "depends_on": [
            "aws_route_table.public",
            "aws_subnet.public_1"
          ]
        }
      ]
    },
    {
      "mode": "managed",
      "type": "aws_s3_bucket",
      "name": "alb_log",
      "provider": "provider.aws",
      "instances": [
        {
          "schema_version": 0,
          "attributes": {
            "acceleration_status": "",
            "acl": "private",
            "arn": "arn:aws:s3:::chealsea-ck-clb",
            "bucket": "chealsea-ck-clb",
            "bucket_domain_name": "chealsea-ck-clb.s3.amazonaws.com",
            "bucket_prefix": null,
            "bucket_regional_domain_name": "chealsea-ck-clb.s3.ap-northeast-1.amazonaws.com",
            "cors_rule": [],
            "force_destroy": true,
            "grant": [],
            "hosted_zone_id": "Z2M4EHUR26P7ZW",
            "id": "chealsea-ck-clb",
            "lifecycle_rule": [
              {
                "abort_incomplete_multipart_upload_days": 0,
                "enabled": true,
                "expiration": [
                  {
                    "date": "",
                    "days": 180,
                    "expired_object_delete_marker": null
                  }
                ],
                "id": "tf-s3-lifecycle-20200628051328279500000001",
                "noncurrent_version_expiration": [],
                "noncurrent_version_transition": [],
                "prefix": "",
                "tags": null,
                "transition": []
              }
            ],
            "logging": [],
            "object_lock_configuration": [],
            "policy": null,
            "region": "ap-northeast-1",
            "replication_configuration": [],
            "request_payer": "BucketOwner",
            "server_side_encryption_configuration": [],
            "tags": null,
            "versioning": [
              {
                "enabled": false,
                "mfa_delete": false
              }
            ],
            "website": [],
            "website_domain": null,
            "website_endpoint": null
          },
          "private": "bnVsbA=="
        }
      ]
    },
    {
      "mode": "managed",
      "type": "aws_s3_bucket_policy",
      "name": "alb_log",
      "provider": "provider.aws",
      "instances": [
        {
          "schema_version": 0,
          "attributes": {
            "bucket": "chealsea-ck-clb",
            "id": "chealsea-ck-clb",
            "policy": "{\n  \"Version\": \"2012-10-17\",\n  \"Statement\": [\n    {\n      \"Sid\": \"\",\n      \"Effect\": \"Allow\",\n      \"Action\": \"s3:PutObject\",\n      \"Resource\": \"arn:aws:s3:::chealsea-ck-clb/*\",\n      \"Principal\": {\n        \"AWS\": \"582318560864\"\n      }\n    }\n  ]\n}"
          },
          "private": "bnVsbA==",
          "depends_on": [
            "aws_s3_bucket.alb_log",
            "data.aws_iam_policy_document.alb_log"
          ]
        }
      ]
    },
    {
      "module": "module.mysql_sg",
      "mode": "managed",
      "type": "aws_security_group",
      "name": "default",
      "provider": "provider.aws",
      "instances": [
        {
          "schema_version": 1,
          "attributes": {
            "arn": "arn:aws:ec2:ap-northeast-1:807363467264:security-group/sg-0e13274d3607a52f7",
            "description": "Managed by Terraform",
            "egress": [],
            "id": "sg-0e13274d3607a52f7",
            "ingress": [],
            "name": "mysql_sg",
            "name_prefix": null,
            "owner_id": "807363467264",
            "revoke_rules_on_delete": false,
            "tags": null,
            "timeouts": null,
            "vpc_id": "vpc-0257ce55dfd304023"
          },
          "private": "eyJlMmJmYjczMC1lY2FhLTExZTYtOGY4OC0zNDM2M2JjN2M0YzAiOnsiY3JlYXRlIjo2MDAwMDAwMDAwMDAsImRlbGV0ZSI6NjAwMDAwMDAwMDAwfSwic2NoZW1hX3ZlcnNpb24iOiIxIn0="
        }
      ]
    },
    {
      "module": "module.nginx_sg",
      "mode": "managed",
      "type": "aws_security_group",
      "name": "default",
      "provider": "provider.aws",
      "instances": [
        {
          "schema_version": 1,
          "attributes": {
            "arn": "arn:aws:ec2:ap-northeast-1:807363467264:security-group/sg-0f1c0a1379e85d279",
            "description": "Managed by Terraform",
            "egress": [],
            "id": "sg-0f1c0a1379e85d279",
            "ingress": [],
            "name": "nginx-sg",
            "name_prefix": null,
            "owner_id": "807363467264",
            "revoke_rules_on_delete": false,
            "tags": null,
            "timeouts": null,
            "vpc_id": "vpc-0257ce55dfd304023"
          },
          "private": "eyJlMmJmYjczMC1lY2FhLTExZTYtOGY4OC0zNDM2M2JjN2M0YzAiOnsiY3JlYXRlIjo2MDAwMDAwMDAwMDAsImRlbGV0ZSI6NjAwMDAwMDAwMDAwfSwic2NoZW1hX3ZlcnNpb24iOiIxIn0="
        }
      ]
    },
    {
      "module": "module.http_sg",
      "mode": "managed",
      "type": "aws_security_group",
      "name": "default",
      "provider": "provider.aws",
      "instances": [
        {
          "schema_version": 1,
          "attributes": {
            "arn": "arn:aws:ec2:ap-northeast-1:807363467264:security-group/sg-0a8f6666b6e0ea279",
            "description": "Managed by Terraform",
            "egress": [],
            "id": "sg-0a8f6666b6e0ea279",
            "ingress": [],
            "name": "http-sg",
            "name_prefix": null,
            "owner_id": "807363467264",
            "revoke_rules_on_delete": false,
            "tags": null,
            "timeouts": null,
            "vpc_id": "vpc-0257ce55dfd304023"
          },
          "private": "eyJlMmJmYjczMC1lY2FhLTExZTYtOGY4OC0zNDM2M2JjN2M0YzAiOnsiY3JlYXRlIjo2MDAwMDAwMDAwMDAsImRlbGV0ZSI6NjAwMDAwMDAwMDAwfSwic2NoZW1hX3ZlcnNpb24iOiIxIn0="
        }
      ]
    },
    {
      "module": "module.http_redirect_sg",
      "mode": "managed",
      "type": "aws_security_group",
      "name": "default",
      "provider": "provider.aws",
      "instances": [
        {
          "schema_version": 1,
          "attributes": {
            "arn": "arn:aws:ec2:ap-northeast-1:807363467264:security-group/sg-04ea111fcf58b586b",
            "description": "Managed by Terraform",
            "egress": [],
            "id": "sg-04ea111fcf58b586b",
            "ingress": [],
            "name": "http-redirect-sg",
            "name_prefix": null,
            "owner_id": "807363467264",
            "revoke_rules_on_delete": false,
            "tags": null,
            "timeouts": null,
            "vpc_id": "vpc-0257ce55dfd304023"
          },
          "private": "eyJlMmJmYjczMC1lY2FhLTExZTYtOGY4OC0zNDM2M2JjN2M0YzAiOnsiY3JlYXRlIjo2MDAwMDAwMDAwMDAsImRlbGV0ZSI6NjAwMDAwMDAwMDAwfSwic2NoZW1hX3ZlcnNpb24iOiIxIn0="
        }
      ]
    },
    {
      "module": "module.https_sg",
      "mode": "managed",
      "type": "aws_security_group",
      "name": "default",
      "provider": "provider.aws",
      "instances": [
        {
          "schema_version": 1,
          "attributes": {
            "arn": "arn:aws:ec2:ap-northeast-1:807363467264:security-group/sg-02ca8f2f7c3ad0e31",
            "description": "Managed by Terraform",
            "egress": [],
            "id": "sg-02ca8f2f7c3ad0e31",
            "ingress": [],
            "name": "https-sg",
            "name_prefix": null,
            "owner_id": "807363467264",
            "revoke_rules_on_delete": false,
            "tags": null,
            "timeouts": null,
            "vpc_id": "vpc-0257ce55dfd304023"
          },
          "private": "eyJlMmJmYjczMC1lY2FhLTExZTYtOGY4OC0zNDM2M2JjN2M0YzAiOnsiY3JlYXRlIjo2MDAwMDAwMDAwMDAsImRlbGV0ZSI6NjAwMDAwMDAwMDAwfSwic2NoZW1hX3ZlcnNpb24iOiIxIn0="
        }
      ]
    },
    {
      "module": "module.mysql_sg",
      "mode": "managed",
      "type": "aws_security_group_rule",
      "name": "egress",
      "provider": "provider.aws",
      "instances": [
        {
          "schema_version": 2,
          "attributes": {
            "cidr_blocks": [
              "0.0.0.0/0"
            ],
            "description": null,
            "from_port": 0,
            "id": "sgrule-1250404188",
            "ipv6_cidr_blocks": null,
            "prefix_list_ids": null,
            "protocol": "-1",
            "security_group_id": "sg-0e13274d3607a52f7",
            "self": false,
            "source_security_group_id": null,
            "to_port": 0,
            "type": "egress"
          },
          "private": "eyJzY2hlbWFfdmVyc2lvbiI6IjIifQ==",
          "depends_on": [
            "aws_security_group.default"
          ]
        }
      ]
    },
    {
      "module": "module.nginx_sg",
      "mode": "managed",
      "type": "aws_security_group_rule",
      "name": "egress",
      "provider": "provider.aws",
      "instances": [
        {
          "schema_version": 2,
          "attributes": {
            "cidr_blocks": [
              "0.0.0.0/0"
            ],
            "description": null,
            "from_port": 0,
            "id": "sgrule-2681469503",
            "ipv6_cidr_blocks": null,
            "prefix_list_ids": null,
            "protocol": "-1",
            "security_group_id": "sg-0f1c0a1379e85d279",
            "self": false,
            "source_security_group_id": null,
            "to_port": 0,
            "type": "egress"
          },
          "private": "eyJzY2hlbWFfdmVyc2lvbiI6IjIifQ==",
          "depends_on": [
            "aws_security_group.default"
          ]
        }
      ]
    },
    {
      "module": "module.http_sg",
      "mode": "managed",
      "type": "aws_security_group_rule",
      "name": "egress",
      "provider": "provider.aws",
      "instances": [
        {
          "schema_version": 2,
          "attributes": {
            "cidr_blocks": [
              "0.0.0.0/0"
            ],
            "description": null,
            "from_port": 0,
            "id": "sgrule-3695552508",
            "ipv6_cidr_blocks": null,
            "prefix_list_ids": null,
            "protocol": "-1",
            "security_group_id": "sg-0a8f6666b6e0ea279",
            "self": false,
            "source_security_group_id": null,
            "to_port": 0,
            "type": "egress"
          },
          "private": "eyJzY2hlbWFfdmVyc2lvbiI6IjIifQ==",
          "depends_on": [
            "aws_security_group.default"
          ]
        }
      ]
    },
    {
      "module": "module.http_redirect_sg",
      "mode": "managed",
      "type": "aws_security_group_rule",
      "name": "egress",
      "provider": "provider.aws",
      "instances": [
        {
          "schema_version": 2,
          "attributes": {
            "cidr_blocks": [
              "0.0.0.0/0"
            ],
            "description": null,
            "from_port": 0,
            "id": "sgrule-3802988120",
            "ipv6_cidr_blocks": null,
            "prefix_list_ids": null,
            "protocol": "-1",
            "security_group_id": "sg-04ea111fcf58b586b",
            "self": false,
            "source_security_group_id": null,
            "to_port": 0,
            "type": "egress"
          },
          "private": "eyJzY2hlbWFfdmVyc2lvbiI6IjIifQ==",
          "depends_on": [
            "aws_security_group.default"
          ]
        }
      ]
    },
    {
      "module": "module.https_sg",
      "mode": "managed",
      "type": "aws_security_group_rule",
      "name": "egress",
      "provider": "provider.aws",
      "instances": [
        {
          "schema_version": 2,
          "attributes": {
            "cidr_blocks": [
              "0.0.0.0/0"
            ],
            "description": null,
            "from_port": 0,
            "id": "sgrule-1052092141",
            "ipv6_cidr_blocks": null,
            "prefix_list_ids": null,
            "protocol": "-1",
            "security_group_id": "sg-02ca8f2f7c3ad0e31",
            "self": false,
            "source_security_group_id": null,
            "to_port": 0,
            "type": "egress"
          },
          "private": "eyJzY2hlbWFfdmVyc2lvbiI6IjIifQ==",
          "depends_on": [
            "aws_security_group.default"
          ]
        }
      ]
    },
    {
      "module": "module.mysql_sg",
      "mode": "managed",
      "type": "aws_security_group_rule",
      "name": "ingress",
      "provider": "provider.aws",
      "instances": [
        {
          "schema_version": 2,
          "attributes": {
            "cidr_blocks": [
              "10.0.0.0/16"
            ],
            "description": null,
            "from_port": 3306,
            "id": "sgrule-3689894324",
            "ipv6_cidr_blocks": null,
            "prefix_list_ids": null,
            "protocol": "tcp",
            "security_group_id": "sg-0e13274d3607a52f7",
            "self": false,
            "source_security_group_id": null,
            "to_port": 3306,
            "type": "ingress"
          },
          "private": "eyJzY2hlbWFfdmVyc2lvbiI6IjIifQ==",
          "depends_on": [
            "aws_security_group.default"
          ]
        }
      ]
    },
    {
      "module": "module.nginx_sg",
      "mode": "managed",
      "type": "aws_security_group_rule",
      "name": "ingress",
      "provider": "provider.aws",
      "instances": [
        {
          "schema_version": 2,
          "attributes": {
            "cidr_blocks": [
              "10.0.0.0/16"
            ],
            "description": null,
            "from_port": 80,
            "id": "sgrule-1771149539",
            "ipv6_cidr_blocks": null,
            "prefix_list_ids": null,
            "protocol": "tcp",
            "security_group_id": "sg-0f1c0a1379e85d279",
            "self": false,
            "source_security_group_id": null,
            "to_port": 80,
            "type": "ingress"
          },
          "private": "eyJzY2hlbWFfdmVyc2lvbiI6IjIifQ==",
          "depends_on": [
            "aws_security_group.default"
          ]
        }
      ]
    },
    {
      "module": "module.http_sg",
      "mode": "managed",
      "type": "aws_security_group_rule",
      "name": "ingress",
      "provider": "provider.aws",
      "instances": [
        {
          "schema_version": 2,
          "attributes": {
            "cidr_blocks": [
              "0.0.0.0/0"
            ],
            "description": null,
            "from_port": 80,
            "id": "sgrule-3264979289",
            "ipv6_cidr_blocks": null,
            "prefix_list_ids": null,
            "protocol": "tcp",
            "security_group_id": "sg-0a8f6666b6e0ea279",
            "self": false,
            "source_security_group_id": null,
            "to_port": 80,
            "type": "ingress"
          },
          "private": "eyJzY2hlbWFfdmVyc2lvbiI6IjIifQ==",
          "depends_on": [
            "aws_security_group.default"
          ]
        }
      ]
    },
    {
      "module": "module.http_redirect_sg",
      "mode": "managed",
      "type": "aws_security_group_rule",
      "name": "ingress",
      "provider": "provider.aws",
      "instances": [
        {
          "schema_version": 2,
          "attributes": {
            "cidr_blocks": [
              "0.0.0.0/0"
            ],
            "description": null,
            "from_port": 8080,
            "id": "sgrule-156940955",
            "ipv6_cidr_blocks": null,
            "prefix_list_ids": null,
            "protocol": "tcp",
            "security_group_id": "sg-04ea111fcf58b586b",
            "self": false,
            "source_security_group_id": null,
            "to_port": 8080,
            "type": "ingress"
          },
          "private": "eyJzY2hlbWFfdmVyc2lvbiI6IjIifQ==",
          "depends_on": [
            "aws_security_group.default"
          ]
        }
      ]
    },
    {
      "module": "module.https_sg",
      "mode": "managed",
      "type": "aws_security_group_rule",
      "name": "ingress",
      "provider": "provider.aws",
      "instances": [
        {
          "schema_version": 2,
          "attributes": {
            "cidr_blocks": [
              "0.0.0.0/0"
            ],
            "description": null,
            "from_port": 443,
            "id": "sgrule-3637020907",
            "ipv6_cidr_blocks": null,
            "prefix_list_ids": null,
            "protocol": "tcp",
            "security_group_id": "sg-02ca8f2f7c3ad0e31",
            "self": false,
            "source_security_group_id": null,
            "to_port": 443,
            "type": "ingress"
          },
          "private": "eyJzY2hlbWFfdmVyc2lvbiI6IjIifQ==",
          "depends_on": [
            "aws_security_group.default"
          ]
        }
      ]
    },
    {
      "mode": "managed",
      "type": "aws_subnet",
      "name": "private_0",
      "provider": "provider.aws",
      "instances": [
        {
          "schema_version": 1,
          "attributes": {
            "arn": "arn:aws:ec2:ap-northeast-1:807363467264:subnet/subnet-01b977b9c7222853f",
            "assign_ipv6_address_on_creation": false,
            "availability_zone": "ap-northeast-1a",
            "availability_zone_id": "apne1-az4",
            "cidr_block": "10.0.65.0/24",
            "id": "subnet-01b977b9c7222853f",
            "ipv6_cidr_block": "",
            "ipv6_cidr_block_association_id": "",
            "map_public_ip_on_launch": false,
            "outpost_arn": "",
            "owner_id": "807363467264",
            "tags": null,
            "timeouts": null,
            "vpc_id": "vpc-0257ce55dfd304023"
          },
          "private": "eyJlMmJmYjczMC1lY2FhLTExZTYtOGY4OC0zNDM2M2JjN2M0YzAiOnsiY3JlYXRlIjo2MDAwMDAwMDAwMDAsImRlbGV0ZSI6MTIwMDAwMDAwMDAwMH0sInNjaGVtYV92ZXJzaW9uIjoiMSJ9",
          "depends_on": [
            "aws_vpc.chells_kitchen"
          ]
        }
      ]
    },
    {
      "mode": "managed",
      "type": "aws_subnet",
      "name": "private_1",
      "provider": "provider.aws",
      "instances": [
        {
          "schema_version": 1,
          "attributes": {
            "arn": "arn:aws:ec2:ap-northeast-1:807363467264:subnet/subnet-02d97db4f69e1ebd0",
            "assign_ipv6_address_on_creation": false,
            "availability_zone": "ap-northeast-1c",
            "availability_zone_id": "apne1-az1",
            "cidr_block": "10.0.66.0/24",
            "id": "subnet-02d97db4f69e1ebd0",
            "ipv6_cidr_block": "",
            "ipv6_cidr_block_association_id": "",
            "map_public_ip_on_launch": false,
            "outpost_arn": "",
            "owner_id": "807363467264",
            "tags": null,
            "timeouts": null,
            "vpc_id": "vpc-0257ce55dfd304023"
          },
          "private": "eyJlMmJmYjczMC1lY2FhLTExZTYtOGY4OC0zNDM2M2JjN2M0YzAiOnsiY3JlYXRlIjo2MDAwMDAwMDAwMDAsImRlbGV0ZSI6MTIwMDAwMDAwMDAwMH0sInNjaGVtYV92ZXJzaW9uIjoiMSJ9",
          "depends_on": [
            "aws_vpc.chells_kitchen"
          ]
        }
      ]
    },
    {
      "mode": "managed",
      "type": "aws_subnet",
      "name": "public_0",
      "provider": "provider.aws",
      "instances": [
        {
          "schema_version": 1,
          "attributes": {
            "arn": "arn:aws:ec2:ap-northeast-1:807363467264:subnet/subnet-0b9e7d6bcd81ed7e7",
            "assign_ipv6_address_on_creation": false,
            "availability_zone": "ap-northeast-1a",
            "availability_zone_id": "apne1-az4",
            "cidr_block": "10.0.1.0/24",
            "id": "subnet-0b9e7d6bcd81ed7e7",
            "ipv6_cidr_block": "",
            "ipv6_cidr_block_association_id": "",
            "map_public_ip_on_launch": true,
            "outpost_arn": "",
            "owner_id": "807363467264",
            "tags": null,
            "timeouts": null,
            "vpc_id": "vpc-0257ce55dfd304023"
          },
          "private": "eyJlMmJmYjczMC1lY2FhLTExZTYtOGY4OC0zNDM2M2JjN2M0YzAiOnsiY3JlYXRlIjo2MDAwMDAwMDAwMDAsImRlbGV0ZSI6MTIwMDAwMDAwMDAwMH0sInNjaGVtYV92ZXJzaW9uIjoiMSJ9",
          "depends_on": [
            "aws_vpc.chells_kitchen"
          ]
        }
      ]
    },
    {
      "mode": "managed",
      "type": "aws_subnet",
      "name": "public_1",
      "provider": "provider.aws",
      "instances": [
        {
          "schema_version": 1,
          "attributes": {
            "arn": "arn:aws:ec2:ap-northeast-1:807363467264:subnet/subnet-092856141d75b1a42",
            "assign_ipv6_address_on_creation": false,
            "availability_zone": "ap-northeast-1c",
            "availability_zone_id": "apne1-az1",
            "cidr_block": "10.0.2.0/24",
            "id": "subnet-092856141d75b1a42",
            "ipv6_cidr_block": "",
            "ipv6_cidr_block_association_id": "",
            "map_public_ip_on_launch": true,
            "outpost_arn": "",
            "owner_id": "807363467264",
            "tags": null,
            "timeouts": null,
            "vpc_id": "vpc-0257ce55dfd304023"
          },
          "private": "eyJlMmJmYjczMC1lY2FhLTExZTYtOGY4OC0zNDM2M2JjN2M0YzAiOnsiY3JlYXRlIjo2MDAwMDAwMDAwMDAsImRlbGV0ZSI6MTIwMDAwMDAwMDAwMH0sInNjaGVtYV92ZXJzaW9uIjoiMSJ9",
          "depends_on": [
            "aws_vpc.chells_kitchen"
          ]
        }
      ]
    },
    {
      "mode": "managed",
      "type": "aws_vpc",
      "name": "chells_kitchen",
      "provider": "provider.aws",
      "instances": [
        {
          "schema_version": 1,
          "attributes": {
            "arn": "arn:aws:ec2:ap-northeast-1:807363467264:vpc/vpc-0257ce55dfd304023",
            "assign_generated_ipv6_cidr_block": false,
            "cidr_block": "10.0.0.0/16",
            "default_network_acl_id": "acl-0a20a03ad3d4176ef",
            "default_route_table_id": "rtb-0687108c655ded5f7",
            "default_security_group_id": "sg-0f3231f718fa51bd5",
            "dhcp_options_id": "dopt-59b09c3e",
            "enable_classiclink": false,
            "enable_classiclink_dns_support": false,
            "enable_dns_hostnames": true,
            "enable_dns_support": true,
            "id": "vpc-0257ce55dfd304023",
            "instance_tenancy": "default",
            "ipv6_association_id": "",
            "ipv6_cidr_block": "",
            "main_route_table_id": "rtb-0687108c655ded5f7",
            "owner_id": "807363467264",
            "tags": {
              "Name": "chells_kitchen_terraform"
            }
          }
        }
      ]
    }
  ]
}
